
Microsoft Visual Studio Solution File, Format Version 12.00
# Visual Studio Version 17
VisualStudioVersion = 17.5.33530.505
MinimumVisualStudioVersion = 10.0.40219.1
Project("{9A19103F-16F7-4668-BE54-9A1E7A4F7556}") = "TaamerP.Models", "TaamerProject.Models\TaamerP.Models.csproj", "{A754AF37-1A0E-4712-B247-4694BC5517AA}"
EndProject
Project("{9A19103F-16F7-4668-BE54-9A1E7A4F7556}") = "TaamerP.Service", "TaamerProject.Service\TaamerP.Service.csproj", "{B2F9E56A-F8A1-4F5A-8A7F-4A981DC7B36E}"
EndProject
Project("{9A19103F-16F7-4668-BE54-9A1E7A4F7556}") = "TaamerP.Repository", "TaamerProject.Repository\TaamerP.Repository.csproj", "{AF07E36D-7F67-4FC9-92A8-77B2E1BF43EC}"
EndProject
Project("{9A19103F-16F7-4668-BE54-9A1E7A4F7556}") = "TaamerP.API", "TaamerProject.API\TaamerP.API.csproj", "{DB908913-1FE1-4C65-9580-59DDB55AA63E}"
EndProject
Project("{9A19103F-16F7-4668-BE54-9A1E7A4F7556}") = "ZatcaIntegrationSDK", "ZatcaIntegrationSDK\ZatcaIntegrationSDK.csproj", "{655D9EBE-139D-4E44-8A9C-4A0CEFFC8B25}"
EndProject
Global
	GlobalSection(SolutionConfigurationPlatforms) = preSolution
		Debug|Any CPU = Debug|Any CPU
		Release|Any CPU = Release|Any CPU
	EndGlobalSection
	GlobalSection(ProjectConfigurationPlatforms) = postSolution
		{A754AF37-1A0E-4712-B247-4694BC5517AA}.Debug|Any CPU.ActiveCfg = Debug|Any CPU
		{A754AF37-1A0E-4712-B247-4694BC5517AA}.Debug|Any CPU.Build.0 = Debug|Any CPU
		{A754AF37-1A0E-4712-B247-4694BC5517AA}.Release|Any CPU.ActiveCfg = Release|Any CPU
		{A754AF37-1A0E-4712-B247-4694BC5517AA}.Release|Any CPU.Build.0 = Release|Any CPU
		{B2F9E56A-F8A1-4F5A-8A7F-4A981DC7B36E}.Debug|Any CPU.ActiveCfg = Debug|Any CPU
		{B2F9E56A-F8A1-4F5A-8A7F-4A981DC7B36E}.Debug|Any CPU.Build.0 = Debug|Any CPU
		{B2F9E56A-F8A1-4F5A-8A7F-4A981DC7B36E}.Release|Any CPU.ActiveCfg = Release|Any CPU
		{B2F9E56A-F8A1-4F5A-8A7F-4A981DC7B36E}.Release|Any CPU.Build.0 = Release|Any CPU
		{AF07E36D-7F67-4FC9-92A8-77B2E1BF43EC}.Debug|Any CPU.ActiveCfg = Debug|Any CPU
		{AF07E36D-7F67-4FC9-92A8-77B2E1BF43EC}.Debug|Any CPU.Build.0 = Debug|Any CPU
		{AF07E36D-7F67-4FC9-92A8-77B2E1BF43EC}.Release|Any CPU.ActiveCfg = Release|Any CPU
		{AF07E36D-7F67-4FC9-92A8-77B2E1BF43EC}.Release|Any CPU.Build.0 = Release|Any CPU
		{DB908913-1FE1-4C65-9580-59DDB55AA63E}.Debug|Any CPU.ActiveCfg = Debug|Any CPU
		{DB908913-1FE1-4C65-9580-59DDB55AA63E}.Debug|Any CPU.Build.0 = Debug|Any CPU
		{DB908913-1FE1-4C65-9580-59DDB55AA63E}.Release|Any CPU.ActiveCfg = Release|Any CPU
		{DB908913-1FE1-4C65-9580-59DDB55AA63E}.Release|Any CPU.Build.0 = Release|Any CPU
		{655D9EBE-139D-4E44-8A9C-4A0CEFFC8B25}.Debug|Any CPU.ActiveCfg = Debug|Any CPU
		{655D9EBE-139D-4E44-8A9C-4A0CEFFC8B25}.Debug|Any CPU.Build.0 = Debug|Any CPU
		{655D9EBE-139D-4E44-8A9C-4A0CEFFC8B25}.Release|Any CPU.ActiveCfg = Release|Any CPU
		{655D9EBE-139D-4E44-8A9C-4A0CEFFC8B25}.Release|Any CPU.Build.0 = Release|Any CPU
	EndGlobalSection
	GlobalSection(SolutionProperties) = preSolution
		HideSolutionNode = FALSE
	EndGlobalSection
	GlobalSection(ExtensibilityGlobals) = postSolution
		SolutionGuid = {A9B5E97B-8898-4F7D-9E2E-3ADFD3DE0BB0}
	EndGlobalSection
EndGlobal
